
Microsoft Visual Studio Solution File, Format Version 12.00
# Visual Studio 14
VisualStudioVersion = 14.0.24720.0
MinimumVisualStudioVersion = 10.0.40219.1
Project("{FAE04EC0-301F-11D3-BF4B-00C04F79EFBC}") = "RecursiveRoutines", "RecursiveRoutines\RecursiveRoutines.csproj", "{9407A0E8-3DAC-41FD-97A4-DBDCD48BD23D}"
EndProject
Project("{FAE04EC0-301F-11D3-BF4B-00C04F79EFBC}") = "RecursiveRoutinesTest", "RecursiveRoutinesTest\RecursiveRoutinesTest.csproj", "{63A679D6-497A-4325-8EB2-5D0176FDE234}"
EndProject
Global
	GlobalSection(SolutionConfigurationPlatforms) = preSolution
		Debug|Any CPU = Debug|Any CPU
		Release|Any CPU = Release|Any CPU
	EndGlobalSection
	GlobalSection(ProjectConfigurationPlatforms) = postSolution
		{9407A0E8-3DAC-41FD-97A4-DBDCD48BD23D}.Debug|Any CPU.ActiveCfg = Debug|Any CPU
		{9407A0E8-3DAC-41FD-97A4-DBDCD48BD23D}.Debug|Any CPU.Build.0 = Debug|Any CPU
		{9407A0E8-3DAC-41FD-97A4-DBDCD48BD23D}.Release|Any CPU.ActiveCfg = Release|Any CPU
		{9407A0E8-3DAC-41FD-97A4-DBDCD48BD23D}.Release|Any CPU.Build.0 = Release|Any CPU
		{63A679D6-497A-4325-8EB2-5D0176FDE234}.Debug|Any CPU.ActiveCfg = Debug|Any CPU
		{63A679D6-497A-4325-8EB2-5D0176FDE234}.Debug|Any CPU.Build.0 = Debug|Any CPU
		{63A679D6-497A-4325-8EB2-5D0176FDE234}.Release|Any CPU.ActiveCfg = Release|Any CPU
		{63A679D6-497A-4325-8EB2-5D0176FDE234}.Release|Any CPU.Build.0 = Release|Any CPU
	EndGlobalSection
	GlobalSection(SolutionProperties) = preSolution
		HideSolutionNode = FALSE
	EndGlobalSection
EndGlobal
